
Microsoft Visual Studio Solution File, Format Version 12.00
# Visual Studio Version 17
VisualStudioVersion = 17.11.35327.3
MinimumVisualStudioVersion = 10.0.40219.1
Project("{FAE04EC0-301F-11D3-BF4B-00C04F79EFBC}") = "Stander_Estian_PRG282_CT1", "Stander_Estian_PRG282_CT1\Stander_Estian_PRG282_CT1.csproj", "{D25E2FF2-C4B3-4618-A8FE-56A387B469FF}"
EndProject
Global
	GlobalSection(SolutionConfigurationPlatforms) = preSolution
		Debug|Any CPU = Debug|Any CPU
		Release|Any CPU = Release|Any CPU
	EndGlobalSection
	GlobalSection(ProjectConfigurationPlatforms) = postSolution
		{D25E2FF2-C4B3-4618-A8FE-56A387B469FF}.Debug|Any CPU.ActiveCfg = Debug|Any CPU
		{D25E2FF2-C4B3-4618-A8FE-56A387B469FF}.Debug|Any CPU.Build.0 = Debug|Any CPU
		{D25E2FF2-C4B3-4618-A8FE-56A387B469FF}.Release|Any CPU.ActiveCfg = Release|Any CPU
		{D25E2FF2-C4B3-4618-A8FE-56A387B469FF}.Release|Any CPU.Build.0 = Release|Any CPU
	EndGlobalSection
	GlobalSection(SolutionProperties) = preSolution
		HideSolutionNode = FALSE
	EndGlobalSection
	GlobalSection(ExtensibilityGlobals) = postSolution
		SolutionGuid = {64401307-97C6-4225-A668-0754CA61F9ED}
	EndGlobalSection
EndGlobal
